
Microsoft Visual Studio Solution File, Format Version 12.00
Project("{F2A71F9B-5D33-465A-A702-920D77279786}") = "partas-solid-githubactions-mdx", "partas-solid-githubactions-mdx.fsproj", "{FFC7E6BB-E2B6-4FE4-B9F2-E32BF0B8C99C}"
EndProject
Global
	GlobalSection(SolutionConfigurationPlatforms) = preSolution
		Debug|Any CPU = Debug|Any CPU
		Release|Any CPU = Release|Any CPU
	EndGlobalSection
	GlobalSection(ProjectConfigurationPlatforms) = postSolution
		{FFC7E6BB-E2B6-4FE4-B9F2-E32BF0B8C99C}.Debug|Any CPU.ActiveCfg = Debug|Any CPU
		{FFC7E6BB-E2B6-4FE4-B9F2-E32BF0B8C99C}.Debug|Any CPU.Build.0 = Debug|Any CPU
		{FFC7E6BB-E2B6-4FE4-B9F2-E32BF0B8C99C}.Release|Any CPU.ActiveCfg = Release|Any CPU
		{FFC7E6BB-E2B6-4FE4-B9F2-E32BF0B8C99C}.Release|Any CPU.Build.0 = Release|Any CPU
	EndGlobalSection
EndGlobal
